<?xml version="1.0" encoding="utf-8"?>
<Project ToolsVersion="4.0" xmlns="http://schemas.microsoft.com/developer/msbuild/2003">
  <ItemGroup>
    <Filter Include="Archivos de origen">
      <UniqueIdentifier>{4FC737F1-C7A5-4376-A066-2A32D752A2FF}</UniqueIdentifier>
      <Extensions>cpp;c;cc;cxx;c++;cppm;ixx;def;odl;idl;hpj;bat;asm;asmx</Extensions>
    </Filter>
    <Filter Include="Archivos de encabezado">
      <UniqueIdentifier>{93995380-89BD-4b04-88EB-625FBE52EBFB}</UniqueIdentifier>
      <Extensions>h;hh;hpp;hxx;h++;hm;inl;inc;ipp;xsd</Extensions>
    </Filter>
    <Filter Include="Archivos de origen\Application">
      <UniqueIdentifier>{6c73b7bb-00aa-44b2-9288-a5ef2980999f}</UniqueIdentifier>
    </Filter>
    <Filter Include="Archivos de origen\Entities">
      <UniqueIdentifier>{7188287d-a630-43dd-bba9-103abbb55cac}</UniqueIdentifier>
    </Filter>
    <Filter Include="Archivos de origen\Modules">
      <UniqueIdentifier>{c6615b47-eb57-4b72-bd9f-7c9900f9ba47}</UniqueIdentifier>
    </Filter>
    <Filter Include="Archivos de origen\Utils">
      <UniqueIdentifier>{66856178-271c-4a94-a2be-7153bdd97cb6}</UniqueIdentifier>
    </Filter>
    <Filter Include="Archivos de origen\Modules\Core">
      <UniqueIdentifier>{e6bcfd52-f75a-4e1e-85e7-d68384930a0e}</UniqueIdentifier>
    </Filter>
    <Filter Include="Archivos de origen\Modules\Gameplay">
      <UniqueIdentifier>{2e500ab1-7477-47b4-b000-eac169d354c3}</UniqueIdentifier>
    </Filter>
    <Filter Include="Archivos de origen\Entities\Enemies">
      <UniqueIdentifier>{f89ffd84-2921-4f01-be6b-75fc2b080855}</UniqueIdentifier>
    </Filter>
    <Filter Include="Archivos de origen\Entities\Powerups">
      <UniqueIdentifier>{d88ed2cf-df0e-4340-8cc5-7630f891431e}</UniqueIdentifier>
    </Filter>
    <Filter Include="Archivos de origen\Modules\Gameplay\Scenes">
      <UniqueIdentifier>{357942ff-5878-47bb-a059-c32fcdcccd15}</UniqueIdentifier>
    </Filter>
  </ItemGroup>
  <ItemGroup>
    <ClCompile Include="Application.cpp">
      <Filter>Archivos de origen\Application</Filter>
    </ClCompile>
    <ClCompile Include="Globals.cpp">
      <Filter>Archivos de origen\Application</Filter>
    </ClCompile>
    <ClCompile Include="Main.cpp">
      <Filter>Archivos de origen\Application</Filter>
    </ClCompile>
    <ClCompile Include="Particle.cpp">
      <Filter>Archivos de origen\Entities</Filter>
    </ClCompile>
    <ClCompile Include="Module.cpp">
      <Filter>Archivos de origen\Modules</Filter>
    </ClCompile>
    <ClCompile Include="ModuleAudio.cpp">
      <Filter>Archivos de origen\Modules\Core</Filter>
    </ClCompile>
    <ClCompile Include="ModuleCollisions.cpp">
      <Filter>Archivos de origen\Modules\Core</Filter>
    </ClCompile>
    <ClCompile Include="ModuleInput.cpp">
      <Filter>Archivos de origen\Modules\Core</Filter>
    </ClCompile>
    <ClCompile Include="ModuleParticles.cpp">
      <Filter>Archivos de origen\Modules\Core</Filter>
    </ClCompile>
    <ClCompile Include="ModuleRender.cpp">
      <Filter>Archivos de origen\Modules\Core</Filter>
    </ClCompile>
    <ClCompile Include="ModuleTextures.cpp">
      <Filter>Archivos de origen\Modules\Core</Filter>
    </ClCompile>
    <ClCompile Include="ModuleWindow.cpp">
      <Filter>Archivos de origen\Modules\Core</Filter>
    </ClCompile>
    <ClCompile Include="ModulePlayer.cpp">
      <Filter>Archivos de origen\Modules\Gameplay</Filter>
    </ClCompile>
    <ClCompile Include="Collider.cpp">
      <Filter>Archivos de origen\Utils</Filter>
    </ClCompile>
    <ClCompile Include="ModuleEnemies.cpp">
      <Filter>Archivos de origen\Modules\Gameplay</Filter>
    </ClCompile>
    <ClCompile Include="Enemy.cpp">
      <Filter>Archivos de origen\Entities\Enemies</Filter>
    </ClCompile>
    <ClCompile Include="Enemy_GreenSoldier.cpp">
      <Filter>Archivos de origen\Entities\Enemies</Filter>
    </ClCompile>
    <ClCompile Include="Path.cpp">
      <Filter>Archivos de origen\Utils</Filter>
    </ClCompile>
    <ClCompile Include="ModulePowerup.cpp">
      <Filter>Archivos de origen\Modules\Gameplay</Filter>
    </ClCompile>
    <ClCompile Include="Powerup.cpp">
      <Filter>Archivos de origen\Entities\Powerups</Filter>
    </ClCompile>
    <ClCompile Include="Powerup_HeavyRifle.cpp">
      <Filter>Archivos de origen\Entities\Powerups</Filter>
    </ClCompile>
    <ClCompile Include="Powerup_Flamethrower.cpp">
      <Filter>Archivos de origen\Entities\Powerups</Filter>
    </ClCompile>
    <ClCompile Include="Enemy_RedSoldier.cpp">
      <Filter>Archivos de origen\Entities\Enemies</Filter>
    </ClCompile>
    <ClCompile Include="ModuleFadeToBlack.cpp">
      <Filter>Archivos de origen\Modules\Core</Filter>
    </ClCompile>
    <ClCompile Include="ModuleFonts.cpp">
      <Filter>Archivos de origen\Modules\Core</Filter>
    </ClCompile>
    <ClCompile Include="SceneWin.cpp">
      <Filter>Archivos de origen\Modules\Gameplay\Scenes</Filter>
    </ClCompile>
    <ClCompile Include="SceneTitle.cpp">
      <Filter>Archivos de origen\Modules\Gameplay\Scenes</Filter>
    </ClCompile>
    <ClCompile Include="SceneStart.cpp">
      <Filter>Archivos de origen\Modules\Gameplay\Scenes</Filter>
    </ClCompile>
    <ClCompile Include="SceneLevel1.cpp">
      <Filter>Archivos de origen\Modules\Gameplay\Scenes</Filter>
    </ClCompile>
    <ClCompile Include="SceneIntro.cpp">
      <Filter>Archivos de origen\Modules\Gameplay\Scenes</Filter>
    </ClCompile>
    <ClCompile Include="SceneLose.cpp">
      <Filter>Archivos de origen\Modules\Gameplay\Scenes</Filter>
    </ClCompile>
  </ItemGroup>
  <ItemGroup>
    <ClInclude Include="Application.h">
      <Filter>Archivos de origen\Application</Filter>
    </ClInclude>
    <ClInclude Include="Globals.h">
      <Filter>Archivos de origen\Application</Filter>
    </ClInclude>
    <ClInclude Include="MemLeaks.h">
      <Filter>Archivos de origen\Application</Filter>
    </ClInclude>
    <ClInclude Include="Particle.h">
      <Filter>Archivos de origen\Entities</Filter>
    </ClInclude>
    <ClInclude Include="Module.h">
      <Filter>Archivos de origen\Modules</Filter>
    </ClInclude>
    <ClInclude Include="ModuleAudio.h">
      <Filter>Archivos de origen\Modules\Core</Filter>
    </ClInclude>
    <ClInclude Include="ModuleCollisions.h">
      <Filter>Archivos de origen\Modules\Core</Filter>
    </ClInclude>
    <ClInclude Include="ModuleInput.h">
      <Filter>Archivos de origen\Modules\Core</Filter>
    </ClInclude>
    <ClInclude Include="ModuleParticles.h">
      <Filter>Archivos de origen\Modules\Core</Filter>
    </ClInclude>
    <ClInclude Include="ModuleRender.h">
      <Filter>Archivos de origen\Modules\Core</Filter>
    </ClInclude>
    <ClInclude Include="ModuleTextures.h">
      <Filter>Archivos de origen\Modules\Core</Filter>
    </ClInclude>
    <ClInclude Include="ModuleWindow.h">
      <Filter>Archivos de origen\Modules\Core</Filter>
    </ClInclude>
    <ClInclude Include="ModulePlayer.h">
      <Filter>Archivos de origen\Modules\Gameplay</Filter>
    </ClInclude>
    <ClInclude Include="Animation.h">
      <Filter>Archivos de origen\Utils</Filter>
    </ClInclude>
    <ClInclude Include="Collider.h">
      <Filter>Archivos de origen\Utils</Filter>
    </ClInclude>
    <ClInclude Include="p2Point.h">
      <Filter>Archivos de origen\Utils</Filter>
    </ClInclude>
    <ClInclude Include="ModuleEnemies.h">
      <Filter>Archivos de origen\Modules\Gameplay</Filter>
    </ClInclude>
    <ClInclude Include="Enemy.h">
      <Filter>Archivos de origen\Entities\Enemies</Filter>
    </ClInclude>
    <ClInclude Include="Enemy_GreenSoldier.h">
      <Filter>Archivos de origen\Entities\Enemies</Filter>
    </ClInclude>
    <ClInclude Include="Path.h">
      <Filter>Archivos de origen\Utils</Filter>
    </ClInclude>
    <ClInclude Include="ModulePowerup.h">
      <Filter>Archivos de origen\Modules\Gameplay</Filter>
    </ClInclude>
    <ClInclude Include="Powerup.h">
      <Filter>Archivos de origen\Entities\Powerups</Filter>
    </ClInclude>
    <ClInclude Include="Powerup_HeavyRifle.h">
      <Filter>Archivos de origen\Entities\Powerups</Filter>
    </ClInclude>
    <ClInclude Include="Powerup_Flamethrower.h">
      <Filter>Archivos de origen\Entities\Powerups</Filter>
    </ClInclude>
    <ClInclude Include="Enemy_RedSoldier.h">
      <Filter>Archivos de origen\Entities\Enemies</Filter>
    </ClInclude>
    <ClInclude Include="ModuleFadeToBlack.h">
      <Filter>Archivos de origen\Modules\Core</Filter>
    </ClInclude>
    <ClInclude Include="ModuleFonts.h">
      <Filter>Archivos de origen\Modules\Core</Filter>
    </ClInclude>
    <ClInclude Include="SceneWin.h">
      <Filter>Archivos de origen\Modules\Gameplay\Scenes</Filter>
    </ClInclude>
    <ClInclude Include="SceneTitle.h">
      <Filter>Archivos de origen\Modules\Gameplay\Scenes</Filter>
    </ClInclude>
    <ClInclude Include="SceneStart.h">
      <Filter>Archivos de origen\Modules\Gameplay\Scenes</Filter>
    </ClInclude>
    <ClInclude Include="SceneLevel1.h">
      <Filter>Archivos de origen\Modules\Gameplay\Scenes</Filter>
    </ClInclude>
    <ClInclude Include="SceneIntro.h">
      <Filter>Archivos de origen\Modules\Gameplay\Scenes</Filter>
    </ClInclude>
    <ClInclude Include="SceneLose.h">
      <Filter>Archivos de origen\Modules\Gameplay\Scenes</Filter>
    </ClInclude>
  </ItemGroup>
</Project>